
Microsoft Visual Studio Solution File, Format Version 12.00
# Visual Studio 15
VisualStudioVersion = 15.0.28307.168
MinimumVisualStudioVersion = 10.0.40219.1
Project("{FAE04EC0-301F-11D3-BF4B-00C04F79EFBC}") = "WinFormTest", "WinFormTest\WinFormTest.csproj", "{ED2ED487-9BD7-4ED2-9F92-A385146AE06B}"
EndProject
Global
	GlobalSection(SolutionConfigurationPlatforms) = preSolution
		Debug|Any CPU = Debug|Any CPU
		Release|Any CPU = Release|Any CPU
	EndGlobalSection
	GlobalSection(ProjectConfigurationPlatforms) = postSolution
		{ED2ED487-9BD7-4ED2-9F92-A385146AE06B}.Debug|Any CPU.ActiveCfg = Debug|Any CPU
		{ED2ED487-9BD7-4ED2-9F92-A385146AE06B}.Debug|Any CPU.Build.0 = Debug|Any CPU
		{ED2ED487-9BD7-4ED2-9F92-A385146AE06B}.Release|Any CPU.ActiveCfg = Release|Any CPU
		{ED2ED487-9BD7-4ED2-9F92-A385146AE06B}.Release|Any CPU.Build.0 = Release|Any CPU
	EndGlobalSection
	GlobalSection(SolutionProperties) = preSolution
		HideSolutionNode = FALSE
	EndGlobalSection
	GlobalSection(ExtensibilityGlobals) = postSolution
		SolutionGuid = {E1ABC17A-BB43-4CF3-B803-0B562890738C}
	EndGlobalSection
EndGlobal
